
Microsoft Visual Studio Solution File, Format Version 12.00
# Visual Studio Version 16
VisualStudioVersion = 16.0.28803.156
MinimumVisualStudioVersion = 10.0.40219.1
Project("{FAE04EC0-301F-11D3-BF4B-00C04F79EFBC}") = "BufferExample", "BufferExample\BufferExample.csproj", "{F66D44DD-7E52-40E4-8DEC-D18661EE4599}"
EndProject
Global
	GlobalSection(SolutionConfigurationPlatforms) = preSolution
		Debug|Any CPU = Debug|Any CPU
		Release|Any CPU = Release|Any CPU
	EndGlobalSection
	GlobalSection(ProjectConfigurationPlatforms) = postSolution
		{F66D44DD-7E52-40E4-8DEC-D18661EE4599}.Debug|Any CPU.ActiveCfg = Debug|Any CPU
		{F66D44DD-7E52-40E4-8DEC-D18661EE4599}.Debug|Any CPU.Build.0 = Debug|Any CPU
		{F66D44DD-7E52-40E4-8DEC-D18661EE4599}.Release|Any CPU.ActiveCfg = Release|Any CPU
		{F66D44DD-7E52-40E4-8DEC-D18661EE4599}.Release|Any CPU.Build.0 = Release|Any CPU
	EndGlobalSection
	GlobalSection(SolutionProperties) = preSolution
		HideSolutionNode = FALSE
	EndGlobalSection
	GlobalSection(ExtensibilityGlobals) = postSolution
		SolutionGuid = {189DCE47-62B6-450A-9B73-BDB00D857B4D}
	EndGlobalSection
EndGlobal
